
Microsoft Visual Studio Solution File, Format Version 12.00
# Visual Studio Version 17
VisualStudioVersion = 17.10.35027.167
MinimumVisualStudioVersion = 10.0.40219.1
Project("{FAE04EC0-301F-11D3-BF4B-00C04F79EFBC}") = "quanlysinhvienbanglinq", "quanlysinhvienbanglinq\quanlysinhvienbanglinq.csproj", "{64B8618F-D918-45DC-8861-A48973F73360}"
EndProject
Global
	GlobalSection(SolutionConfigurationPlatforms) = preSolution
		Debug|Any CPU = Debug|Any CPU
		Release|Any CPU = Release|Any CPU
	EndGlobalSection
	GlobalSection(ProjectConfigurationPlatforms) = postSolution
		{64B8618F-D918-45DC-8861-A48973F73360}.Debug|Any CPU.ActiveCfg = Debug|Any CPU
		{64B8618F-D918-45DC-8861-A48973F73360}.Debug|Any CPU.Build.0 = Debug|Any CPU
		{64B8618F-D918-45DC-8861-A48973F73360}.Release|Any CPU.ActiveCfg = Release|Any CPU
		{64B8618F-D918-45DC-8861-A48973F73360}.Release|Any CPU.Build.0 = Release|Any CPU
	EndGlobalSection
	GlobalSection(SolutionProperties) = preSolution
		HideSolutionNode = FALSE
	EndGlobalSection
	GlobalSection(ExtensibilityGlobals) = postSolution
		SolutionGuid = {60390ED4-7112-4102-A550-A5933C7F8ABE}
	EndGlobalSection
EndGlobal
